
Microsoft Visual Studio Solution File, Format Version 12.00
# Visual Studio Version 17
VisualStudioVersion = 17.2.32630.192
MinimumVisualStudioVersion = 10.0.40219.1
Project("{FAE04EC0-301F-11D3-BF4B-00C04F79EFBC}") = "ExpenseSystem", "Temp_DataBase_Project\ExpenseSystem.csproj", "{0B918D3F-82BD-44A5-ACCD-09621F6A7D24}"
EndProject
Global
	GlobalSection(SolutionConfigurationPlatforms) = preSolution
		Debug|Any CPU = Debug|Any CPU
		Release|Any CPU = Release|Any CPU
	EndGlobalSection
	GlobalSection(ProjectConfigurationPlatforms) = postSolution
		{0B918D3F-82BD-44A5-ACCD-09621F6A7D24}.Debug|Any CPU.ActiveCfg = Debug|Any CPU
		{0B918D3F-82BD-44A5-ACCD-09621F6A7D24}.Debug|Any CPU.Build.0 = Debug|Any CPU
		{0B918D3F-82BD-44A5-ACCD-09621F6A7D24}.Release|Any CPU.ActiveCfg = Release|Any CPU
		{0B918D3F-82BD-44A5-ACCD-09621F6A7D24}.Release|Any CPU.Build.0 = Release|Any CPU
	EndGlobalSection
	GlobalSection(SolutionProperties) = preSolution
		HideSolutionNode = FALSE
	EndGlobalSection
	GlobalSection(ExtensibilityGlobals) = postSolution
		SolutionGuid = {E6F9E22A-1A76-4B1D-839D-3EA454225459}
	EndGlobalSection
EndGlobal
